
Microsoft Visual Studio Solution File, Format Version 12.00
# Visual Studio Version 16
VisualStudioVersion = 16.0.30011.22
MinimumVisualStudioVersion = 10.0.40219.1
Project("{9A19103F-16F7-4668-BE54-9A1E7A4F7556}") = "Dapper.Framework", "Dapper.Framework.csproj", "{1A833A9E-E711-4BF2-B3BE-45D5E66C483D}"
EndProject
Project("{FAE04EC0-301F-11D3-BF4B-00C04F79EFBC}") = "TestDapper", "..\TestDapper\TestDapper.csproj", "{BF86DEB0-B87D-4947-A9DA-FD1AE2AFA046}"
EndProject
Global
	GlobalSection(SolutionConfigurationPlatforms) = preSolution
		Debug|Any CPU = Debug|Any CPU
		Release|Any CPU = Release|Any CPU
	EndGlobalSection
	GlobalSection(ProjectConfigurationPlatforms) = postSolution
		{1A833A9E-E711-4BF2-B3BE-45D5E66C483D}.Debug|Any CPU.ActiveCfg = Debug|Any CPU
		{1A833A9E-E711-4BF2-B3BE-45D5E66C483D}.Debug|Any CPU.Build.0 = Debug|Any CPU
		{1A833A9E-E711-4BF2-B3BE-45D5E66C483D}.Release|Any CPU.ActiveCfg = Release|Any CPU
		{1A833A9E-E711-4BF2-B3BE-45D5E66C483D}.Release|Any CPU.Build.0 = Release|Any CPU
		{BF86DEB0-B87D-4947-A9DA-FD1AE2AFA046}.Debug|Any CPU.ActiveCfg = Debug|Any CPU
		{BF86DEB0-B87D-4947-A9DA-FD1AE2AFA046}.Debug|Any CPU.Build.0 = Debug|Any CPU
		{BF86DEB0-B87D-4947-A9DA-FD1AE2AFA046}.Release|Any CPU.ActiveCfg = Release|Any CPU
		{BF86DEB0-B87D-4947-A9DA-FD1AE2AFA046}.Release|Any CPU.Build.0 = Release|Any CPU
	EndGlobalSection
	GlobalSection(SolutionProperties) = preSolution
		HideSolutionNode = FALSE
	EndGlobalSection
	GlobalSection(ExtensibilityGlobals) = postSolution
		SolutionGuid = {8B0C7916-046D-4371-929D-E47A864B3207}
	EndGlobalSection
EndGlobal
